// !$*UTF8*$!
{
	archiveVersion = 1;
	classes = {
	};
	objectVersion = 50;
	objects = {

/* Begin PBXBuildFile section */
		66203A2D2446A3F300CA50E4 /* AppDelegate.swift in Sources */ = {isa = PBXBuildFile; fileRef = 66203A2C2446A3F300CA50E4 /* AppDelegate.swift */; };
		66203A362446A3F400CA50E4 /* Assets.xcassets in Resources */ = {isa = PBXBuildFile; fileRef = 66203A352446A3F400CA50E4 /* Assets.xcassets */; };
		66203A392446A3F400CA50E4 /* LaunchScreen.storyboard in Resources */ = {isa = PBXBuildFile; fileRef = 66203A372446A3F400CA50E4 /* LaunchScreen.storyboard */; };
		66203A4F2446B3BC00CA50E4 /* HomeViewController.swift in Sources */ = {isa = PBXBuildFile; fileRef = 66203A4D2446B3BC00CA50E4 /* HomeViewController.swift */; };
		66203A502446B3BC00CA50E4 /* HomeViewController.xib in Resources */ = {isa = PBXBuildFile; fileRef = 66203A4E2446B3BC00CA50E4 /* HomeViewController.xib */; };
		66203A532446B3DB00CA50E4 /* LiveViewController.swift in Sources */ = {isa = PBXBuildFile; fileRef = 66203A512446B3DB00CA50E4 /* LiveViewController.swift */; };
		66203A542446B3DB00CA50E4 /* LiveViewController.xib in Resources */ = {isa = PBXBuildFile; fileRef = 66203A522446B3DB00CA50E4 /* LiveViewController.xib */; };
		66203A572446B58600CA50E4 /* MainTabBarViewController.swift in Sources */ = {isa = PBXBuildFile; fileRef = 66203A552446B58600CA50E4 /* MainTabBarViewController.swift */; };
		66203A582446B58600CA50E4 /* MainTabBarViewController.xib in Resources */ = {isa = PBXBuildFile; fileRef = 66203A562446B58600CA50E4 /* MainTabBarViewController.xib */; };
		66203A5B2446BB5A00CA50E4 /* MineViewController.swift in Sources */ = {isa = PBXBuildFile; fileRef = 66203A592446BB5A00CA50E4 /* MineViewController.swift */; };
		66203A5C2446BB5A00CA50E4 /* MineViewController.xib in Resources */ = {isa = PBXBuildFile; fileRef = 66203A5A2446BB5A00CA50E4 /* MineViewController.xib */; };
		66203A612446F02500CA50E4 /* PageTitleView.swift in Sources */ = {isa = PBXBuildFile; fileRef = 66203A602446F02500CA50E4 /* PageTitleView.swift */; };
		665802312447ED7600ECD692 /* Common.swift in Sources */ = {isa = PBXBuildFile; fileRef = 665802302447ED7600ECD692 /* Common.swift */; };
		66580235244802EE00ECD692 /* UIBarButtonItem-Extension.swift in Sources */ = {isa = PBXBuildFile; fileRef = 66580234244802EE00ECD692 /* UIBarButtonItem-Extension.swift */; };
		66580237244829A100ECD692 /* PageContentView.swift in Sources */ = {isa = PBXBuildFile; fileRef = 66580236244829A100ECD692 /* PageContentView.swift */; };
		665802412448334500ECD692 /* RecommendViewController.swift in Sources */ = {isa = PBXBuildFile; fileRef = 6658023F2448334500ECD692 /* RecommendViewController.swift */; };
		665802422448334500ECD692 /* RecommendViewController.xib in Resources */ = {isa = PBXBuildFile; fileRef = 665802402448334500ECD692 /* RecommendViewController.xib */; };
		665802452448335F00ECD692 /* GameViewController.swift in Sources */ = {isa = PBXBuildFile; fileRef = 665802432448335F00ECD692 /* GameViewController.swift */; };
		665802462448335F00ECD692 /* GameViewController.xib in Resources */ = {isa = PBXBuildFile; fileRef = 665802442448335F00ECD692 /* GameViewController.xib */; };
		665802492448337200ECD692 /* AmuseViewController.swift in Sources */ = {isa = PBXBuildFile; fileRef = 665802472448337200ECD692 /* AmuseViewController.swift */; };
		6658024A2448337200ECD692 /* AmuseViewController.xib in Resources */ = {isa = PBXBuildFile; fileRef = 665802482448337200ECD692 /* AmuseViewController.xib */; };
		6658024D2448338500ECD692 /* FunnyViewController.swift in Sources */ = {isa = PBXBuildFile; fileRef = 6658024B2448338500ECD692 /* FunnyViewController.swift */; };
		6658024E2448338500ECD692 /* FunnyViewController.xib in Resources */ = {isa = PBXBuildFile; fileRef = 6658024C2448338500ECD692 /* FunnyViewController.xib */; };
/* End PBXBuildFile section */

/* Begin PBXFileReference section */
		66203A292446A3F300CA50E4 /* DYZB.app */ = {isa = PBXFileReference; explicitFileType = wrapper.application; includeInIndex = 0; path = DYZB.app; sourceTree = BUILT_PRODUCTS_DIR; };
		66203A2C2446A3F300CA50E4 /* AppDelegate.swift */ = {isa = PBXFileReference; lastKnownFileType = sourcecode.swift; path = AppDelegate.swift; sourceTree = "<group>"; };
		66203A352446A3F400CA50E4 /* Assets.xcassets */ = {isa = PBXFileReference; lastKnownFileType = folder.assetcatalog; path = Assets.xcassets; sourceTree = "<group>"; };
		66203A382446A3F400CA50E4 /* Base */ = {isa = PBXFileReference; lastKnownFileType = file.storyboard; name = Base; path = Base.lproj/LaunchScreen.storyboard; sourceTree = "<group>"; };
		66203A3A2446A3F400CA50E4 /* Info.plist */ = {isa = PBXFileReference; lastKnownFileType = text.plist.xml; path = Info.plist; sourceTree = "<group>"; };
		66203A4D2446B3BC00CA50E4 /* HomeViewController.swift */ = {isa = PBXFileReference; lastKnownFileType = sourcecode.swift; path = HomeViewController.swift; sourceTree = "<group>"; };
		66203A4E2446B3BC00CA50E4 /* HomeViewController.xib */ = {isa = PBXFileReference; lastKnownFileType = file.xib; path = HomeViewController.xib; sourceTree = "<group>"; };
		66203A512446B3DB00CA50E4 /* LiveViewController.swift */ = {isa = PBXFileReference; lastKnownFileType = sourcecode.swift; path = LiveViewController.swift; sourceTree = "<group>"; };
		66203A522446B3DB00CA50E4 /* LiveViewController.xib */ = {isa = PBXFileReference; lastKnownFileType = file.xib; path = LiveViewController.xib; sourceTree = "<group>"; };
		66203A552446B58600CA50E4 /* MainTabBarViewController.swift */ = {isa = PBXFileReference; lastKnownFileType = sourcecode.swift; path = MainTabBarViewController.swift; sourceTree = "<group>"; };
		66203A562446B58600CA50E4 /* MainTabBarViewController.xib */ = {isa = PBXFileReference; lastKnownFileType = file.xib; path = MainTabBarViewController.xib; sourceTree = "<group>"; };
		66203A592446BB5A00CA50E4 /* MineViewController.swift */ = {isa = PBXFileReference; lastKnownFileType = sourcecode.swift; path = MineViewController.swift; sourceTree = "<group>"; };
		66203A5A2446BB5A00CA50E4 /* MineViewController.xib */ = {isa = PBXFileReference; lastKnownFileType = file.xib; path = MineViewController.xib; sourceTree = "<group>"; };
		66203A602446F02500CA50E4 /* PageTitleView.swift */ = {isa = PBXFileReference; lastKnownFileType = sourcecode.swift; path = PageTitleView.swift; sourceTree = "<group>"; };
		665802302447ED7600ECD692 /* Common.swift */ = {isa = PBXFileReference; lastKnownFileType = sourcecode.swift; path = Common.swift; sourceTree = "<group>"; };
		66580234244802EE00ECD692 /* UIBarButtonItem-Extension.swift */ = {isa = PBXFileReference; lastKnownFileType = sourcecode.swift; path = "UIBarButtonItem-Extension.swift"; sourceTree = "<group>"; };
		66580236244829A100ECD692 /* PageContentView.swift */ = {isa = PBXFileReference; lastKnownFileType = sourcecode.swift; path = PageContentView.swift; sourceTree = "<group>"; };
		6658023F2448334500ECD692 /* RecommendViewController.swift */ = {isa = PBXFileReference; lastKnownFileType = sourcecode.swift; path = RecommendViewController.swift; sourceTree = "<group>"; };
		665802402448334500ECD692 /* RecommendViewController.xib */ = {isa = PBXFileReference; lastKnownFileType = file.xib; path = RecommendViewController.xib; sourceTree = "<group>"; };
		665802432448335F00ECD692 /* GameViewController.swift */ = {isa = PBXFileReference; lastKnownFileType = sourcecode.swift; path = GameViewController.swift; sourceTree = "<group>"; };
		665802442448335F00ECD692 /* GameViewController.xib */ = {isa = PBXFileReference; lastKnownFileType = file.xib; path = GameViewController.xib; sourceTree = "<group>"; };
		665802472448337200ECD692 /* AmuseViewController.swift */ = {isa = PBXFileReference; lastKnownFileType = sourcecode.swift; path = AmuseViewController.swift; sourceTree = "<group>"; };
		665802482448337200ECD692 /* AmuseViewController.xib */ = {isa = PBXFileReference; lastKnownFileType = file.xib; path = AmuseViewController.xib; sourceTree = "<group>"; };
		6658024B2448338500ECD692 /* FunnyViewController.swift */ = {isa = PBXFileReference; lastKnownFileType = sourcecode.swift; path = FunnyViewController.swift; sourceTree = "<group>"; };
		6658024C2448338500ECD692 /* FunnyViewController.xib */ = {isa = PBXFileReference; lastKnownFileType = file.xib; path = FunnyViewController.xib; sourceTree = "<group>"; };
/* End PBXFileReference section */

/* Begin PBXFrameworksBuildPhase section */
		66203A262446A3F300CA50E4 /* Frameworks */ = {
			isa = PBXFrameworksBuildPhase;
			buildActionMask = 2147483647;
			files = (
			);
			runOnlyForDeploymentPostprocessing = 0;
		};
/* End PBXFrameworksBuildPhase section */

/* Begin PBXGroup section */
		66203A202446A3F300CA50E4 = {
			isa = PBXGroup;
			children = (
				66203A2B2446A3F300CA50E4 /* DYZB */,
				66203A2A2446A3F300CA50E4 /* Products */,
			);
			sourceTree = "<group>";
		};
		66203A2A2446A3F300CA50E4 /* Products */ = {
			isa = PBXGroup;
			children = (
				66203A292446A3F300CA50E4 /* DYZB.app */,
			);
			name = Products;
			sourceTree = "<group>";
		};
		66203A2B2446A3F300CA50E4 /* DYZB */ = {
			isa = PBXGroup;
			children = (
				6658022E2447ED4000ECD692 /* 工具类 */,
				66203A442446A8A400CA50E4 /* Main */,
				66203A402446A8A300CA50E4 /* 首页 */,
				66203A432446A8A400CA50E4 /* 我的 */,
				66203A412446A8A300CA50E4 /* 直播 */,
				66203A422446A8A400CA50E4 /* AppDelegate */,
			);
			path = DYZB;
			sourceTree = "<group>";
		};
		66203A402446A8A300CA50E4 /* 首页 */ = {
			isa = PBXGroup;
			children = (
				665802392448331A00ECD692 /* Controllers */,
				665802382448331A00ECD692 /* Models */,
				6658023E2448331A00ECD692 /* Views */,
			);
			path = "首页";
			sourceTree = "<group>";
		};
		66203A412446A8A300CA50E4 /* 直播 */ = {
			isa = PBXGroup;
			children = (
				66203A512446B3DB00CA50E4 /* LiveViewController.swift */,
				66203A522446B3DB00CA50E4 /* LiveViewController.xib */,
			);
			path = "直播";
			sourceTree = "<group>";
		};
		66203A422446A8A400CA50E4 /* AppDelegate */ = {
			isa = PBXGroup;
			children = (
				66203A2C2446A3F300CA50E4 /* AppDelegate.swift */,
				66203A352446A3F400CA50E4 /* Assets.xcassets */,
				66203A372446A3F400CA50E4 /* LaunchScreen.storyboard */,
				66203A3A2446A3F400CA50E4 /* Info.plist */,
			);
			path = AppDelegate;
			sourceTree = "<group>";
		};
		66203A432446A8A400CA50E4 /* 我的 */ = {
			isa = PBXGroup;
			children = (
				66203A592446BB5A00CA50E4 /* MineViewController.swift */,
				66203A5A2446BB5A00CA50E4 /* MineViewController.xib */,
			);
			path = "我的";
			sourceTree = "<group>";
		};
		66203A442446A8A400CA50E4 /* Main */ = {
			isa = PBXGroup;
			children = (
				66203A5F2446EEB800CA50E4 /* Controllers */,
				66203A5D2446EEB800CA50E4 /* Model */,
				66203A5E2446EEB800CA50E4 /* Views */,
			);
			path = Main;
			sourceTree = "<group>";
		};
		66203A5D2446EEB800CA50E4 /* Model */ = {
			isa = PBXGroup;
			children = (
			);
			path = Model;
			sourceTree = "<group>";
		};
		66203A5E2446EEB800CA50E4 /* Views */ = {
			isa = PBXGroup;
			children = (
				66203A602446F02500CA50E4 /* PageTitleView.swift */,
				66580236244829A100ECD692 /* PageContentView.swift */,
			);
			path = Views;
			sourceTree = "<group>";
		};
		66203A5F2446EEB800CA50E4 /* Controllers */ = {
			isa = PBXGroup;
			children = (
				66203A552446B58600CA50E4 /* MainTabBarViewController.swift */,
				66203A562446B58600CA50E4 /* MainTabBarViewController.xib */,
			);
			path = Controllers;
			sourceTree = "<group>";
		};
		6658022E2447ED4000ECD692 /* 工具类 */ = {
			isa = PBXGroup;
			children = (
				6658022F2447ED4000ECD692 /* 扩展 */,
				665802302447ED7600ECD692 /* Common.swift */,
			);
			path = "工具类";
			sourceTree = "<group>";
		};
		6658022F2447ED4000ECD692 /* 扩展 */ = {
			isa = PBXGroup;
			children = (
				66580234244802EE00ECD692 /* UIBarButtonItem-Extension.swift */,
			);
			path = "扩展";
			sourceTree = "<group>";
		};
		665802382448331A00ECD692 /* Models */ = {
			isa = PBXGroup;
			children = (
			);
			path = Models;
			sourceTree = "<group>";
		};
		665802392448331A00ECD692 /* Controllers */ = {
			isa = PBXGroup;
			children = (
				66203A4D2446B3BC00CA50E4 /* HomeViewController.swift */,
				66203A4E2446B3BC00CA50E4 /* HomeViewController.xib */,
				6658023A2448331A00ECD692 /* 推荐 */,
				6658023B2448331A00ECD692 /* 趣玩 */,
				6658023C2448331A00ECD692 /* 娱乐 */,
				6658023D2448331A00ECD692 /* 游戏 */,
			);
			path = Controllers;
			sourceTree = "<group>";
		};
		6658023A2448331A00ECD692 /* 推荐 */ = {
			isa = PBXGroup;
			children = (
				6658023F2448334500ECD692 /* RecommendViewController.swift */,
				665802402448334500ECD692 /* RecommendViewController.xib */,
			);
			path = "推荐";
			sourceTree = "<group>";
		};
		6658023B2448331A00ECD692 /* 趣玩 */ = {
			isa = PBXGroup;
			children = (
				6658024B2448338500ECD692 /* FunnyViewController.swift */,
				6658024C2448338500ECD692 /* FunnyViewController.xib */,
			);
			path = "趣玩";
			sourceTree = "<group>";
		};
		6658023C2448331A00ECD692 /* 娱乐 */ = {
			isa = PBXGroup;
			children = (
				665802472448337200ECD692 /* AmuseViewController.swift */,
				665802482448337200ECD692 /* AmuseViewController.xib */,
			);
			path = "娱乐";
			sourceTree = "<group>";
		};
		6658023D2448331A00ECD692 /* 游戏 */ = {
			isa = PBXGroup;
			children = (
				665802432448335F00ECD692 /* GameViewController.swift */,
				665802442448335F00ECD692 /* GameViewController.xib */,
			);
			path = "游戏";
			sourceTree = "<group>";
		};
		6658023E2448331A00ECD692 /* Views */ = {
			isa = PBXGroup;
			children = (
			);
			path = Views;
			sourceTree = "<group>";
		};
/* End PBXGroup section */

/* Begin PBXNativeTarget section */
		66203A282446A3F300CA50E4 /* DYZB */ = {
			isa = PBXNativeTarget;
			buildConfigurationList = 66203A3D2446A3F400CA50E4 /* Build configuration list for PBXNativeTarget "DYZB" */;
			buildPhases = (
				66203A252446A3F300CA50E4 /* Sources */,
				66203A262446A3F300CA50E4 /* Frameworks */,
				66203A272446A3F300CA50E4 /* Resources */,
			);
			buildRules = (
			);
			dependencies = (
			);
			name = DYZB;
			productName = DYZB;
			productReference = 66203A292446A3F300CA50E4 /* DYZB.app */;
			productType = "com.apple.product-type.application";
		};
/* End PBXNativeTarget section */

/* Begin PBXProject section */
		66203A212446A3F300CA50E4 /* Project object */ = {
			isa = PBXProject;
			attributes = {
				LastSwiftUpdateCheck = 1140;
				LastUpgradeCheck = 1140;
				ORGANIZATIONNAME = "xingmin yu";
				TargetAttributes = {
					66203A282446A3F300CA50E4 = {
						CreatedOnToolsVersion = 11.4;
					};
				};
			};
			buildConfigurationList = 66203A242446A3F300CA50E4 /* Build configuration list for PBXProject "DYZB" */;
			compatibilityVersion = "Xcode 9.3";
			developmentRegion = en;
			hasScannedForEncodings = 0;
			knownRegions = (
				en,
				Base,
			);
			mainGroup = 66203A202446A3F300CA50E4;
			productRefGroup = 66203A2A2446A3F300CA50E4 /* Products */;
			projectDirPath = "";
			projectRoot = "";
			targets = (
				66203A282446A3F300CA50E4 /* DYZB */,
			);
		};
/* End PBXProject section */

/* Begin PBXResourcesBuildPhase section */
		66203A272446A3F300CA50E4 /* Resources */ = {
			isa = PBXResourcesBuildPhase;
			buildActionMask = 2147483647;
			files = (
				665802462448335F00ECD692 /* GameViewController.xib in Resources */,
				66203A392446A3F400CA50E4 /* LaunchScreen.storyboard in Resources */,
				6658024A2448337200ECD692 /* AmuseViewController.xib in Resources */,
				66203A582446B58600CA50E4 /* MainTabBarViewController.xib in Resources */,
				66203A362446A3F400CA50E4 /* Assets.xcassets in Resources */,
				6658024E2448338500ECD692 /* FunnyViewController.xib in Resources */,
				66203A542446B3DB00CA50E4 /* LiveViewController.xib in Resources */,
				66203A502446B3BC00CA50E4 /* HomeViewController.xib in Resources */,
				665802422448334500ECD692 /* RecommendViewController.xib in Resources */,
				66203A5C2446BB5A00CA50E4 /* MineViewController.xib in Resources */,
			);
			runOnlyForDeploymentPostprocessing = 0;
		};
/* End PBXResourcesBuildPhase section */

/* Begin PBXSourcesBuildPhase section */
		66203A252446A3F300CA50E4 /* Sources */ = {
			isa = PBXSourcesBuildPhase;
			buildActionMask = 2147483647;
			files = (
				66203A612446F02500CA50E4 /* PageTitleView.swift in Sources */,
				66580237244829A100ECD692 /* PageContentView.swift in Sources */,
				66203A2D2446A3F300CA50E4 /* AppDelegate.swift in Sources */,
				66580235244802EE00ECD692 /* UIBarButtonItem-Extension.swift in Sources */,
				66203A572446B58600CA50E4 /* MainTabBarViewController.swift in Sources */,
				66203A532446B3DB00CA50E4 /* LiveViewController.swift in Sources */,
				665802492448337200ECD692 /* AmuseViewController.swift in Sources */,
				66203A4F2446B3BC00CA50E4 /* HomeViewController.swift in Sources */,
				66203A5B2446BB5A00CA50E4 /* MineViewController.swift in Sources */,
				665802312447ED7600ECD692 /* Common.swift in Sources */,
				665802452448335F00ECD692 /* GameViewController.swift in Sources */,
				6658024D2448338500ECD692 /* FunnyViewController.swift in Sources */,
				665802412448334500ECD692 /* RecommendViewController.swift in Sources */,
			);
			runOnlyForDeploymentPostprocessing = 0;
		};
/* End PBXSourcesBuildPhase section */

/* Begin PBXVariantGroup section */
		66203A372446A3F400CA50E4 /* LaunchScreen.storyboard */ = {
			isa = PBXVariantGroup;
			children = (
				66203A382446A3F400CA50E4 /* Base */,
			);
			name = LaunchScreen.storyboard;
			sourceTree = "<group>";
		};
/* End PBXVariantGroup section */

/* Begin XCBuildConfiguration section */
		66203A3B2446A3F400CA50E4 /* Debug */ = {
			isa = XCBuildConfiguration;
			buildSettings = {
				ALWAYS_SEARCH_USER_PATHS = NO;
				CLANG_ANALYZER_NONNULL = YES;
				CLANG_ANALYZER_NUMBER_OBJECT_CONVERSION = YES_AGGRESSIVE;
				CLANG_CXX_LANGUAGE_STANDARD = "gnu++14";
				CLANG_CXX_LIBRARY = "libc++";
				CLANG_ENABLE_MODULES = YES;
				CLANG_ENABLE_OBJC_ARC = YES;
				CLANG_ENABLE_OBJC_WEAK = YES;
				CLANG_WARN_BLOCK_CAPTURE_AUTORELEASING = YES;
				CLANG_WARN_BOOL_CONVERSION = YES;
				CLANG_WARN_COMMA = YES;
				CLANG_WARN_CONSTANT_CONVERSION = YES;
				CLANG_WARN_DEPRECATED_OBJC_IMPLEMENTATIONS = YES;
				CLANG_WARN_DIRECT_OBJC_ISA_USAGE = YES_ERROR;
				CLANG_WARN_DOCUMENTATION_COMMENTS = YES;
				CLANG_WARN_EMPTY_BODY = YES;
				CLANG_WARN_ENUM_CONVERSION = YES;
				CLANG_WARN_INFINITE_RECURSION = YES;
				CLANG_WARN_INT_CONVERSION = YES;
				CLANG_WARN_NON_LITERAL_NULL_CONVERSION = YES;
				CLANG_WARN_OBJC_IMPLICIT_RETAIN_SELF = YES;
				CLANG_WARN_OBJC_LITERAL_CONVERSION = YES;
				CLANG_WARN_OBJC_ROOT_CLASS = YES_ERROR;
				CLANG_WARN_RANGE_LOOP_ANALYSIS = YES;
				CLANG_WARN_STRICT_PROTOTYPES = YES;
				CLANG_WARN_SUSPICIOUS_MOVE = YES;
				CLANG_WARN_UNGUARDED_AVAILABILITY = YES_AGGRESSIVE;
				CLANG_WARN_UNREACHABLE_CODE = YES;
				CLANG_WARN__DUPLICATE_METHOD_MATCH = YES;
				COPY_PHASE_STRIP = NO;
				DEBUG_INFORMATION_FORMAT = dwarf;
				ENABLE_STRICT_OBJC_MSGSEND = YES;
				ENABLE_TESTABILITY = YES;
				GCC_C_LANGUAGE_STANDARD = gnu11;
				GCC_DYNAMIC_NO_PIC = NO;
				GCC_NO_COMMON_BLOCKS = YES;
				GCC_OPTIMIZATION_LEVEL = 0;
				GCC_PREPROCESSOR_DEFINITIONS = (
					"DEBUG=1",
					"$(inherited)",
				);
				GCC_WARN_64_TO_32_BIT_CONVERSION = YES;
				GCC_WARN_ABOUT_RETURN_TYPE = YES_ERROR;
				GCC_WARN_UNDECLARED_SELECTOR = YES;
				GCC_WARN_UNINITIALIZED_AUTOS = YES_AGGRESSIVE;
				GCC_WARN_UNUSED_FUNCTION = YES;
				GCC_WARN_UNUSED_VARIABLE = YES;
				IPHONEOS_DEPLOYMENT_TARGET = 13.4;
				MTL_ENABLE_DEBUG_INFO = INCLUDE_SOURCE;
				MTL_FAST_MATH = YES;
				ONLY_ACTIVE_ARCH = YES;
				SDKROOT = iphoneos;
				SWIFT_ACTIVE_COMPILATION_CONDITIONS = DEBUG;
				SWIFT_OPTIMIZATION_LEVEL = "-Onone";
			};
			name = Debug;
		};
		66203A3C2446A3F400CA50E4 /* Release */ = {
			isa = XCBuildConfiguration;
			buildSettings = {
				ALWAYS_SEARCH_USER_PATHS = NO;
				CLANG_ANALYZER_NONNULL = YES;
				CLANG_ANALYZER_NUMBER_OBJECT_CONVERSION = YES_AGGRESSIVE;
				CLANG_CXX_LANGUAGE_STANDARD = "gnu++14";
				CLANG_CXX_LIBRARY = "libc++";
				CLANG_ENABLE_MODULES = YES;
				CLANG_ENABLE_OBJC_ARC = YES;
				CLANG_ENABLE_OBJC_WEAK = YES;
				CLANG_WARN_BLOCK_CAPTURE_AUTORELEASING = YES;
				CLANG_WARN_BOOL_CONVERSION = YES;
				CLANG_WARN_COMMA = YES;
				CLANG_WARN_CONSTANT_CONVERSION = YES;
				CLANG_WARN_DEPRECATED_OBJC_IMPLEMENTATIONS = YES;
				CLANG_WARN_DIRECT_OBJC_ISA_USAGE = YES_ERROR;
				CLANG_WARN_DOCUMENTATION_COMMENTS = YES;
				CLANG_WARN_EMPTY_BODY = YES;
				CLANG_WARN_ENUM_CONVERSION = YES;
				CLANG_WARN_INFINITE_RECURSION = YES;
				CLANG_WARN_INT_CONVERSION = YES;
				CLANG_WARN_NON_LITERAL_NULL_CONVERSION = YES;
				CLANG_WARN_OBJC_IMPLICIT_RETAIN_SELF = YES;
				CLANG_WARN_OBJC_LITERAL_CONVERSION = YES;
				CLANG_WARN_OBJC_ROOT_CLASS = YES_ERROR;
				CLANG_WARN_RANGE_LOOP_ANALYSIS = YES;
				CLANG_WARN_STRICT_PROTOTYPES = YES;
				CLANG_WARN_SUSPICIOUS_MOVE = YES;
				CLANG_WARN_UNGUARDED_AVAILABILITY = YES_AGGRESSIVE;
				CLANG_WARN_UNREACHABLE_CODE = YES;
				CLANG_WARN__DUPLICATE_METHOD_MATCH = YES;
				COPY_PHASE_STRIP = NO;
				DEBUG_INFORMATION_FORMAT = "dwarf-with-dsym";
				ENABLE_NS_ASSERTIONS = NO;
				ENABLE_STRICT_OBJC_MSGSEND = YES;
				GCC_C_LANGUAGE_STANDARD = gnu11;
				GCC_NO_COMMON_BLOCKS = YES;
				GCC_WARN_64_TO_32_BIT_CONVERSION = YES;
				GCC_WARN_ABOUT_RETURN_TYPE = YES_ERROR;
				GCC_WARN_UNDECLARED_SELECTOR = YES;
				GCC_WARN_UNINITIALIZED_AUTOS = YES_AGGRESSIVE;
				GCC_WARN_UNUSED_FUNCTION = YES;
				GCC_WARN_UNUSED_VARIABLE = YES;
				IPHONEOS_DEPLOYMENT_TARGET = 13.4;
				MTL_ENABLE_DEBUG_INFO = NO;
				MTL_FAST_MATH = YES;
				SDKROOT = iphoneos;
				SWIFT_COMPILATION_MODE = wholemodule;
				SWIFT_OPTIMIZATION_LEVEL = "-O";
				VALIDATE_PRODUCT = YES;
			};
			name = Release;
		};
		66203A3E2446A3F400CA50E4 /* Debug */ = {
			isa = XCBuildConfiguration;
			buildSettings = {
				ASSETCATALOG_COMPILER_APPICON_NAME = AppIcon;
				CODE_SIGN_STYLE = Automatic;
				DEVELOPMENT_TEAM = 43LVSN9A2X;
				INFOPLIST_FILE = DYZB/AppDelegate/Info.plist;
				IPHONEOS_DEPLOYMENT_TARGET = 11.0;
				LD_RUNPATH_SEARCH_PATHS = (
					"$(inherited)",
					"@executable_path/Frameworks",
				);
				PRODUCT_BUNDLE_IDENTIFIER = com.xsj.DYZB;
				PRODUCT_NAME = "$(TARGET_NAME)";
				SWIFT_VERSION = 5.0;
				TARGETED_DEVICE_FAMILY = 1;
			};
			name = Debug;
		};
		66203A3F2446A3F400CA50E4 /* Release */ = {
			isa = XCBuildConfiguration;
			buildSettings = {
				ASSETCATALOG_COMPILER_APPICON_NAME = AppIcon;
				CODE_SIGN_STYLE = Automatic;
				DEVELOPMENT_TEAM = 43LVSN9A2X;
				INFOPLIST_FILE = DYZB/AppDelegate/Info.plist;
				IPHONEOS_DEPLOYMENT_TARGET = 11.0;
				LD_RUNPATH_SEARCH_PATHS = (
					"$(inherited)",
					"@executable_path/Frameworks",
				);
				PRODUCT_BUNDLE_IDENTIFIER = com.xsj.DYZB;
				PRODUCT_NAME = "$(TARGET_NAME)";
				SWIFT_VERSION = 5.0;
				TARGETED_DEVICE_FAMILY = 1;
			};
			name = Release;
		};
/* End XCBuildConfiguration section */

/* Begin XCConfigurationList section */
		66203A242446A3F300CA50E4 /* Build configuration list for PBXProject "DYZB" */ = {
			isa = XCConfigurationList;
			buildConfigurations = (
				66203A3B2446A3F400CA50E4 /* Debug */,
				66203A3C2446A3F400CA50E4 /* Release */,
			);
			defaultConfigurationIsVisible = 0;
			defaultConfigurationName = Release;
		};
		66203A3D2446A3F400CA50E4 /* Build configuration list for PBXNativeTarget "DYZB" */ = {
			isa = XCConfigurationList;
			buildConfigurations = (
				66203A3E2446A3F400CA50E4 /* Debug */,
				66203A3F2446A3F400CA50E4 /* Release */,
			);
			defaultConfigurationIsVisible = 0;
			defaultConfigurationName = Release;
		};
/* End XCConfigurationList section */
	};
	rootObject = 66203A212446A3F300CA50E4 /* Project object */;
}
